// !$*UTF8*$!
{
	archiveVersion = 1;
	classes = {
	};
	objectVersion = 50;
	objects = {

/* Begin PBXBuildFile section */
		14798D973BF9472AFACC477D /* Pods_SmileFilesUITests.framework in Frameworks */ = {isa = PBXBuildFile; fileRef = 4F19BD13C3BB2971C45F7235 /* Pods_SmileFilesUITests.framework */; };
		1A672D9F206C798700FE1649 /* User.swift in Sources */ = {isa = PBXBuildFile; fileRef = 1A672D9E206C798700FE1649 /* User.swift */; };
		1A672DA1206C83F700FE1649 /* KeyValuePair.swift in Sources */ = {isa = PBXBuildFile; fileRef = 1A672DA0206C83F700FE1649 /* KeyValuePair.swift */; };
		1A672DA3206C89CA00FE1649 /* UserDataAttribute.swift in Sources */ = {isa = PBXBuildFile; fileRef = 1A672DA2206C89CA00FE1649 /* UserDataAttribute.swift */; };
		1A672DA5206C9B9700FE1649 /* ApplicationConstants.swift in Sources */ = {isa = PBXBuildFile; fileRef = 1A672DA4206C9B9700FE1649 /* ApplicationConstants.swift */; };
		1A6B56EF206C5A5F00E3CB42 /* SFUser+CoreDataClass.swift in Sources */ = {isa = PBXBuildFile; fileRef = 1A6B56E9206C5A5E00E3CB42 /* SFUser+CoreDataClass.swift */; };
		1A6B56F0206C5A5F00E3CB42 /* SFUser+CoreDataProperties.swift in Sources */ = {isa = PBXBuildFile; fileRef = 1A6B56EA206C5A5F00E3CB42 /* SFUser+CoreDataProperties.swift */; };
		1A6B56F1206C5A5F00E3CB42 /* SFPreferences+CoreDataClass.swift in Sources */ = {isa = PBXBuildFile; fileRef = 1A6B56EB206C5A5F00E3CB42 /* SFPreferences+CoreDataClass.swift */; };
		1A6B56F2206C5A5F00E3CB42 /* SFPreferences+CoreDataProperties.swift in Sources */ = {isa = PBXBuildFile; fileRef = 1A6B56EC206C5A5F00E3CB42 /* SFPreferences+CoreDataProperties.swift */; };
		1A6B56F3206C5A5F00E3CB42 /* SFTheme+CoreDataClass.swift in Sources */ = {isa = PBXBuildFile; fileRef = 1A6B56ED206C5A5F00E3CB42 /* SFTheme+CoreDataClass.swift */; };
		1A6B56F4206C5A5F00E3CB42 /* SFTheme+CoreDataProperties.swift in Sources */ = {isa = PBXBuildFile; fileRef = 1A6B56EE206C5A5F00E3CB42 /* SFTheme+CoreDataProperties.swift */; };
		1A6B56F7206C6C0E00E3CB42 /* SFModel+CoreDataClass.swift in Sources */ = {isa = PBXBuildFile; fileRef = 1A6B56F5206C6C0E00E3CB42 /* SFModel+CoreDataClass.swift */; };
		1A6B56F8206C6C0E00E3CB42 /* SFModel+CoreDataProperties.swift in Sources */ = {isa = PBXBuildFile; fileRef = 1A6B56F6206C6C0E00E3CB42 /* SFModel+CoreDataProperties.swift */; };
		1A6B56FA206C6CEF00E3CB42 /* P)oikio90;0oinmi9.swift in Sources */ = {isa = PBXBuildFile; fileRef = 1A6B56F9206C6CEF00E3CB42 /* P)oikio90;0oinmi9.swift */; };
		1A6B56FD206C717000E3CB42 /* MathUtils.swift in Sources */ = {isa = PBXBuildFile; fileRef = 1A6B56FC206C717000E3CB42 /* MathUtils.swift */; };
		1A704162206C393400B00334 /* AppDelegate.swift in Sources */ = {isa = PBXBuildFile; fileRef = 1A704161206C393400B00334 /* AppDelegate.swift */; };
		1A704164206C393400B00334 /* ViewController.swift in Sources */ = {isa = PBXBuildFile; fileRef = 1A704163206C393400B00334 /* ViewController.swift */; };
		1A704167206C393400B00334 /* Main.storyboard in Resources */ = {isa = PBXBuildFile; fileRef = 1A704165206C393400B00334 /* Main.storyboard */; };
		1A70416A206C393400B00334 /* SmileFiles.xcdatamodeld in Sources */ = {isa = PBXBuildFile; fileRef = 1A704168206C393400B00334 /* SmileFiles.xcdatamodeld */; };
		1A70416C206C393500B00334 /* Assets.xcassets in Resources */ = {isa = PBXBuildFile; fileRef = 1A70416B206C393500B00334 /* Assets.xcassets */; };
		1A70416F206C393500B00334 /* LaunchScreen.storyboard in Resources */ = {isa = PBXBuildFile; fileRef = 1A70416D206C393500B00334 /* LaunchScreen.storyboard */; };
		1A70417A206C393500B00334 /* SmileFilesTests.swift in Sources */ = {isa = PBXBuildFile; fileRef = 1A704179206C393500B00334 /* SmileFilesTests.swift */; };
		1A704185206C393500B00334 /* SmileFilesUITests.swift in Sources */ = {isa = PBXBuildFile; fileRef = 1A704184206C393500B00334 /* SmileFilesUITests.swift */; };
		1A9C26C6206D8FA7004265AD /* FilesTableViewController.swift in Sources */ = {isa = PBXBuildFile; fileRef = 1A9C26C5206D8FA7004265AD /* FilesTableViewController.swift */; };
		1A9C26C8206D91AB004265AD /* TableViewController.swift in Sources */ = {isa = PBXBuildFile; fileRef = 1A9C26C7206D91AB004265AD /* TableViewController.swift */; };
		1AC68012206C492400C23DC5 /* ManagedObjectContext.swift in Sources */ = {isa = PBXBuildFile; fileRef = 1AC68011206C492400C23DC5 /* ManagedObjectContext.swift */; };
		1ACB5DEB206D15580049788E /* DefaultUserDataAttributes.swift in Sources */ = {isa = PBXBuildFile; fileRef = 1ACB5DEA206D15580049788E /* DefaultUserDataAttributes.swift */; };
		1AFE64B1206D41E800C9FD5B /* SafariServices.framework in Frameworks */ = {isa = PBXBuildFile; fileRef = 1AFE64B0206D41E800C9FD5B /* SafariServices.framework */; };
		1AFE64B3206D424D00C9FD5B /* SafariViewController.swift in Sources */ = {isa = PBXBuildFile; fileRef = 1AFE64B2206D424D00C9FD5B /* SafariViewController.swift */; };
		1AFE64B5206D60DE00C9FD5B /* AVKit.framework in Frameworks */ = {isa = PBXBuildFile; fileRef = 1AFE64B4206D60DE00C9FD5B /* AVKit.framework */; };
		1AFE64B7206D60E700C9FD5B /* AssetsLibrary.framework in Frameworks */ = {isa = PBXBuildFile; fileRef = 1AFE64B6206D60E700C9FD5B /* AssetsLibrary.framework */; };
		1AFE64B9206D60F000C9FD5B /* Photos.framework in Frameworks */ = {isa = PBXBuildFile; fileRef = 1AFE64B8206D60F000C9FD5B /* Photos.framework */; };
		1AFE64BB206D60F600C9FD5B /* PhotosUI.framework in Frameworks */ = {isa = PBXBuildFile; fileRef = 1AFE64BA206D60F600C9FD5B /* PhotosUI.framework */; };
		1AFE64BD206D60FF00C9FD5B /* MediaPlayer.framework in Frameworks */ = {isa = PBXBuildFile; fileRef = 1AFE64BC206D60FF00C9FD5B /* MediaPlayer.framework */; };
		1AFE64BF206D610800C9FD5B /* UserNotifications.framework in Frameworks */ = {isa = PBXBuildFile; fileRef = 1AFE64BE206D610800C9FD5B /* UserNotifications.framework */; };
		1AFE64C1206D611600C9FD5B /* WebKit.framework in Frameworks */ = {isa = PBXBuildFile; fileRef = 1AFE64C0206D611600C9FD5B /* WebKit.framework */; };
		A67923D99C974F8C9A09A762 /* Pods_SmileFilesTests.framework in Frameworks */ = {isa = PBXBuildFile; fileRef = 10AFA8935C47787DF8EFCDF7 /* Pods_SmileFilesTests.framework */; };
		EF51179812A52119250A10B6 /* Pods_SmileFiles.framework in Frameworks */ = {isa = PBXBuildFile; fileRef = 7C4E3EBBC5D415319013F5B6 /* Pods_SmileFiles.framework */; };
/* End PBXBuildFile section */

/* Begin PBXContainerItemProxy section */
		1A704176206C393500B00334 /* PBXContainerItemProxy */ = {
			isa = PBXContainerItemProxy;
			containerPortal = 1A704156206C393400B00334 /* Project object */;
			proxyType = 1;
			remoteGlobalIDString = 1A70415D206C393400B00334;
			remoteInfo = SmileFiles;
		};
		1A704181206C393500B00334 /* PBXContainerItemProxy */ = {
			isa = PBXContainerItemProxy;
			containerPortal = 1A704156206C393400B00334 /* Project object */;
			proxyType = 1;
			remoteGlobalIDString = 1A70415D206C393400B00334;
			remoteInfo = SmileFiles;
		};
/* End PBXContainerItemProxy section */

/* Begin PBXFileReference section */
		10AFA8935C47787DF8EFCDF7 /* Pods_SmileFilesTests.framework */ = {isa = PBXFileReference; explicitFileType = wrapper.framework; includeInIndex = 0; path = Pods_SmileFilesTests.framework; sourceTree = BUILT_PRODUCTS_DIR; };
		13F64854B846052B4663A444 /* Pods-SmileFiles.release.xcconfig */ = {isa = PBXFileReference; includeInIndex = 1; lastKnownFileType = text.xcconfig; name = "Pods-SmileFiles.release.xcconfig"; path = "Pods/Target Support Files/Pods-SmileFiles/Pods-SmileFiles.release.xcconfig"; sourceTree = "<group>"; };
		1A672D9E206C798700FE1649 /* User.swift */ = {isa = PBXFileReference; lastKnownFileType = sourcecode.swift; path = User.swift; sourceTree = "<group>"; };
		1A672DA0206C83F700FE1649 /* KeyValuePair.swift */ = {isa = PBXFileReference; lastKnownFileType = sourcecode.swift; path = KeyValuePair.swift; sourceTree = "<group>"; };
		1A672DA2206C89CA00FE1649 /* UserDataAttribute.swift */ = {isa = PBXFileReference; lastKnownFileType = sourcecode.swift; path = UserDataAttribute.swift; sourceTree = "<group>"; };
		1A672DA4206C9B9700FE1649 /* ApplicationConstants.swift */ = {isa = PBXFileReference; lastKnownFileType = sourcecode.swift; path = ApplicationConstants.swift; sourceTree = "<group>"; };
		1A6B56E9206C5A5E00E3CB42 /* SFUser+CoreDataClass.swift */ = {isa = PBXFileReference; lastKnownFileType = sourcecode.swift; path = "SFUser+CoreDataClass.swift"; sourceTree = "<group>"; };
		1A6B56EA206C5A5F00E3CB42 /* SFUser+CoreDataProperties.swift */ = {isa = PBXFileReference; lastKnownFileType = sourcecode.swift; path = "SFUser+CoreDataProperties.swift"; sourceTree = "<group>"; };
		1A6B56EB206C5A5F00E3CB42 /* SFPreferences+CoreDataClass.swift */ = {isa = PBXFileReference; lastKnownFileType = sourcecode.swift; path = "SFPreferences+CoreDataClass.swift"; sourceTree = "<group>"; };
		1A6B56EC206C5A5F00E3CB42 /* SFPreferences+CoreDataProperties.swift */ = {isa = PBXFileReference; lastKnownFileType = sourcecode.swift; name = "SFPreferences+CoreDataProperties.swift"; path = "SmileFiles/CoreData/SFPreferences+CoreDataProperties.swift"; sourceTree = SOURCE_ROOT; };
		1A6B56ED206C5A5F00E3CB42 /* SFTheme+CoreDataClass.swift */ = {isa = PBXFileReference; lastKnownFileType = sourcecode.swift; path = "SFTheme+CoreDataClass.swift"; sourceTree = "<group>"; };
		1A6B56EE206C5A5F00E3CB42 /* SFTheme+CoreDataProperties.swift */ = {isa = PBXFileReference; lastKnownFileType = sourcecode.swift; name = "SFTheme+CoreDataProperties.swift"; path = "SmileFiles/CoreData/SFTheme+CoreDataProperties.swift"; sourceTree = SOURCE_ROOT; };
		1A6B56F5206C6C0E00E3CB42 /* SFModel+CoreDataClass.swift */ = {isa = PBXFileReference; lastKnownFileType = sourcecode.swift; name = "SFModel+CoreDataClass.swift"; path = "SmileFiles/CoreData/SFModel+CoreDataClass.swift"; sourceTree = SOURCE_ROOT; };
		1A6B56F6206C6C0E00E3CB42 /* SFModel+CoreDataProperties.swift */ = {isa = PBXFileReference; lastKnownFileType = sourcecode.swift; path = "SFModel+CoreDataProperties.swift"; sourceTree = "<group>"; };
		1A6B56F9206C6CEF00E3CB42 /* P)oikio90;0oinmi9.swift */ = {isa = PBXFileReference; lastKnownFileType = sourcecode.swift; path = "P)oikio90;0oinmi9.swift"; sourceTree = "<group>"; };
		1A6B56FC206C717000E3CB42 /* MathUtils.swift */ = {isa = PBXFileReference; lastKnownFileType = sourcecode.swift; path = MathUtils.swift; sourceTree = "<group>"; };
		1A70415E206C393400B00334 /* SmileFiles.app */ = {isa = PBXFileReference; explicitFileType = wrapper.application; includeInIndex = 0; path = SmileFiles.app; sourceTree = BUILT_PRODUCTS_DIR; };
		1A704161206C393400B00334 /* AppDelegate.swift */ = {isa = PBXFileReference; lastKnownFileType = sourcecode.swift; path = AppDelegate.swift; sourceTree = "<group>"; };
		1A704163206C393400B00334 /* ViewController.swift */ = {isa = PBXFileReference; lastKnownFileType = sourcecode.swift; path = ViewController.swift; sourceTree = "<group>"; };
		1A704166206C393400B00334 /* Base */ = {isa = PBXFileReference; lastKnownFileType = file.storyboard; name = Base; path = Base.lproj/Main.storyboard; sourceTree = "<group>"; };
		1A704169206C393400B00334 /* SmileFiles.xcdatamodel */ = {isa = PBXFileReference; lastKnownFileType = wrapper.xcdatamodel; path = SmileFiles.xcdatamodel; sourceTree = "<group>"; };
		1A70416B206C393500B00334 /* Assets.xcassets */ = {isa = PBXFileReference; lastKnownFileType = folder.assetcatalog; path = Assets.xcassets; sourceTree = "<group>"; };
		1A70416E206C393500B00334 /* Base */ = {isa = PBXFileReference; lastKnownFileType = file.storyboard; name = Base; path = Base.lproj/LaunchScreen.storyboard; sourceTree = "<group>"; };
		1A704170206C393500B00334 /* Info.plist */ = {isa = PBXFileReference; lastKnownFileType = text.plist.xml; path = Info.plist; sourceTree = "<group>"; };
		1A704175206C393500B00334 /* SmileFilesTests.xctest */ = {isa = PBXFileReference; explicitFileType = wrapper.cfbundle; includeInIndex = 0; path = SmileFilesTests.xctest; sourceTree = BUILT_PRODUCTS_DIR; };
		1A704179206C393500B00334 /* SmileFilesTests.swift */ = {isa = PBXFileReference; lastKnownFileType = sourcecode.swift; path = SmileFilesTests.swift; sourceTree = "<group>"; };
		1A70417B206C393500B00334 /* Info.plist */ = {isa = PBXFileReference; lastKnownFileType = text.plist.xml; path = Info.plist; sourceTree = "<group>"; };
		1A704180206C393500B00334 /* SmileFilesUITests.xctest */ = {isa = PBXFileReference; explicitFileType = wrapper.cfbundle; includeInIndex = 0; path = SmileFilesUITests.xctest; sourceTree = BUILT_PRODUCTS_DIR; };
		1A704184206C393500B00334 /* SmileFilesUITests.swift */ = {isa = PBXFileReference; lastKnownFileType = sourcecode.swift; path = SmileFilesUITests.swift; sourceTree = "<group>"; };
		1A704186206C393500B00334 /* Info.plist */ = {isa = PBXFileReference; lastKnownFileType = text.plist.xml; path = Info.plist; sourceTree = "<group>"; };
		1A7041A8206C418500B00334 /* SmileFiles-Bridging-Header.h */ = {isa = PBXFileReference; lastKnownFileType = sourcecode.c.h; path = "SmileFiles-Bridging-Header.h"; sourceTree = "<group>"; };
		1A7041AF206C41E500B00334 /* SmileFiles.entitlements */ = {isa = PBXFileReference; lastKnownFileType = text.plist.entitlements; path = SmileFiles.entitlements; sourceTree = "<group>"; };
		1A9C26C5206D8FA7004265AD /* FilesTableViewController.swift */ = {isa = PBXFileReference; lastKnownFileType = sourcecode.swift; path = FilesTableViewController.swift; sourceTree = "<group>"; };
		1A9C26C7206D91AB004265AD /* TableViewController.swift */ = {isa = PBXFileReference; lastKnownFileType = sourcecode.swift; name = TableViewController.swift; path = Pods/TableViewController.swift; sourceTree = "<group>"; };
		1AC68011206C492400C23DC5 /* ManagedObjectContext.swift */ = {isa = PBXFileReference; lastKnownFileType = sourcecode.swift; path = ManagedObjectContext.swift; sourceTree = "<group>"; };
		1ACB5DEA206D15580049788E /* DefaultUserDataAttributes.swift */ = {isa = PBXFileReference; lastKnownFileType = sourcecode.swift; path = DefaultUserDataAttributes.swift; sourceTree = "<group>"; };
		1AFE64B0206D41E800C9FD5B /* SafariServices.framework */ = {isa = PBXFileReference; lastKnownFileType = wrapper.framework; name = SafariServices.framework; path = System/Library/Frameworks/SafariServices.framework; sourceTree = SDKROOT; };
		1AFE64B2206D424D00C9FD5B /* SafariViewController.swift */ = {isa = PBXFileReference; lastKnownFileType = sourcecode.swift; path = SafariViewController.swift; sourceTree = "<group>"; };
		1AFE64B4206D60DE00C9FD5B /* AVKit.framework */ = {isa = PBXFileReference; lastKnownFileType = wrapper.framework; name = AVKit.framework; path = System/Library/Frameworks/AVKit.framework; sourceTree = SDKROOT; };
		1AFE64B6206D60E700C9FD5B /* AssetsLibrary.framework */ = {isa = PBXFileReference; lastKnownFileType = wrapper.framework; name = AssetsLibrary.framework; path = System/Library/Frameworks/AssetsLibrary.framework; sourceTree = SDKROOT; };
		1AFE64B8206D60F000C9FD5B /* Photos.framework */ = {isa = PBXFileReference; lastKnownFileType = wrapper.framework; name = Photos.framework; path = System/Library/Frameworks/Photos.framework; sourceTree = SDKROOT; };
		1AFE64BA206D60F600C9FD5B /* PhotosUI.framework */ = {isa = PBXFileReference; lastKnownFileType = wrapper.framework; name = PhotosUI.framework; path = System/Library/Frameworks/PhotosUI.framework; sourceTree = SDKROOT; };
		1AFE64BC206D60FF00C9FD5B /* MediaPlayer.framework */ = {isa = PBXFileReference; lastKnownFileType = wrapper.framework; name = MediaPlayer.framework; path = System/Library/Frameworks/MediaPlayer.framework; sourceTree = SDKROOT; };
		1AFE64BE206D610800C9FD5B /* UserNotifications.framework */ = {isa = PBXFileReference; lastKnownFileType = wrapper.framework; name = UserNotifications.framework; path = System/Library/Frameworks/UserNotifications.framework; sourceTree = SDKROOT; };
		1AFE64C0206D611600C9FD5B /* WebKit.framework */ = {isa = PBXFileReference; lastKnownFileType = wrapper.framework; name = WebKit.framework; path = System/Library/Frameworks/WebKit.framework; sourceTree = SDKROOT; };
		1E43B8E7F24B196D229C9BB1 /* Pods-SmileFilesTests.debug.xcconfig */ = {isa = PBXFileReference; includeInIndex = 1; lastKnownFileType = text.xcconfig; name = "Pods-SmileFilesTests.debug.xcconfig"; path = "Pods/Target Support Files/Pods-SmileFilesTests/Pods-SmileFilesTests.debug.xcconfig"; sourceTree = "<group>"; };
		3E66B8C493C6739D6564C4F1 /* Pods-SmileFiles.debug.xcconfig */ = {isa = PBXFileReference; includeInIndex = 1; lastKnownFileType = text.xcconfig; name = "Pods-SmileFiles.debug.xcconfig"; path = "Pods/Target Support Files/Pods-SmileFiles/Pods-SmileFiles.debug.xcconfig"; sourceTree = "<group>"; };
		4F19BD13C3BB2971C45F7235 /* Pods_SmileFilesUITests.framework */ = {isa = PBXFileReference; explicitFileType = wrapper.framework; includeInIndex = 0; path = Pods_SmileFilesUITests.framework; sourceTree = BUILT_PRODUCTS_DIR; };
		7C4E3EBBC5D415319013F5B6 /* Pods_SmileFiles.framework */ = {isa = PBXFileReference; explicitFileType = wrapper.framework; includeInIndex = 0; path = Pods_SmileFiles.framework; sourceTree = BUILT_PRODUCTS_DIR; };
		B52B1A09EE54C47B609DEF6C /* Pods-SmileFilesUITests.debug.xcconfig */ = {isa = PBXFileReference; includeInIndex = 1; lastKnownFileType = text.xcconfig; name = "Pods-SmileFilesUITests.debug.xcconfig"; path = "Pods/Target Support Files/Pods-SmileFilesUITests/Pods-SmileFilesUITests.debug.xcconfig"; sourceTree = "<group>"; };
		C9C7CAAEE896C582F2FD270E /* Pods-SmileFilesUITests.release.xcconfig */ = {isa = PBXFileReference; includeInIndex = 1; lastKnownFileType = text.xcconfig; name = "Pods-SmileFilesUITests.release.xcconfig"; path = "Pods/Target Support Files/Pods-SmileFilesUITests/Pods-SmileFilesUITests.release.xcconfig"; sourceTree = "<group>"; };
		DC1E4A6FDD77A0781D7A712B /* Pods-SmileFilesTests.release.xcconfig */ = {isa = PBXFileReference; includeInIndex = 1; lastKnownFileType = text.xcconfig; name = "Pods-SmileFilesTests.release.xcconfig"; path = "Pods/Target Support Files/Pods-SmileFilesTests/Pods-SmileFilesTests.release.xcconfig"; sourceTree = "<group>"; };
/* End PBXFileReference section */

/* Begin PBXFrameworksBuildPhase section */
		1A70415B206C393400B00334 /* Frameworks */ = {
			isa = PBXFrameworksBuildPhase;
			buildActionMask = 2147483647;
			files = (
				1AFE64C1206D611600C9FD5B /* WebKit.framework in Frameworks */,
				1AFE64BF206D610800C9FD5B /* UserNotifications.framework in Frameworks */,
				1AFE64BD206D60FF00C9FD5B /* MediaPlayer.framework in Frameworks */,
				1AFE64BB206D60F600C9FD5B /* PhotosUI.framework in Frameworks */,
				1AFE64B9206D60F000C9FD5B /* Photos.framework in Frameworks */,
				1AFE64B7206D60E700C9FD5B /* AssetsLibrary.framework in Frameworks */,
				1AFE64B5206D60DE00C9FD5B /* AVKit.framework in Frameworks */,
				1AFE64B1206D41E800C9FD5B /* SafariServices.framework in Frameworks */,
				EF51179812A52119250A10B6 /* Pods_SmileFiles.framework in Frameworks */,
			);
			runOnlyForDeploymentPostprocessing = 0;
		};
		1A704172206C393500B00334 /* Frameworks */ = {
			isa = PBXFrameworksBuildPhase;
			buildActionMask = 2147483647;
			files = (
				A67923D99C974F8C9A09A762 /* Pods_SmileFilesTests.framework in Frameworks */,
			);
			runOnlyForDeploymentPostprocessing = 0;
		};
		1A70417D206C393500B00334 /* Frameworks */ = {
			isa = PBXFrameworksBuildPhase;
			buildActionMask = 2147483647;
			files = (
				14798D973BF9472AFACC477D /* Pods_SmileFilesUITests.framework in Frameworks */,
			);
			runOnlyForDeploymentPostprocessing = 0;
		};
/* End PBXFrameworksBuildPhase section */

/* Begin PBXGroup section */
		07F9AC5B08FE698CC385B684 /* Pods */ = {
			isa = PBXGroup;
			children = (
				3E66B8C493C6739D6564C4F1 /* Pods-SmileFiles.debug.xcconfig */,
				13F64854B846052B4663A444 /* Pods-SmileFiles.release.xcconfig */,
				1E43B8E7F24B196D229C9BB1 /* Pods-SmileFilesTests.debug.xcconfig */,
				DC1E4A6FDD77A0781D7A712B /* Pods-SmileFilesTests.release.xcconfig */,
				B52B1A09EE54C47B609DEF6C /* Pods-SmileFilesUITests.debug.xcconfig */,
				C9C7CAAEE896C582F2FD270E /* Pods-SmileFilesUITests.release.xcconfig */,
			);
			name = Pods;
			sourceTree = "<group>";
		};
		1A704155206C393400B00334 = {
			isa = PBXGroup;
			children = (
				1A704160206C393400B00334 /* SmileFiles */,
				1A704178206C393500B00334 /* )9 */,
				1A704183206C393500B00334 /* SmileFilesUITests */,
				1A70415F206C393400B00334 /* Products */,
				1A7041A8206C418500B00334 /* SmileFiles-Bridging-Header.h */,
				1A9C26C7206D91AB004265AD /* TableViewController.swift */,
				07F9AC5B08FE698CC385B684 /* Pods */,
				30E537445991B5BC710720FB /* Frameworks */,
			);
			sourceTree = "<group>";
		};
		1A70415F206C393400B00334 /* Products */ = {
			isa = PBXGroup;
			children = (
				1A70415E206C393400B00334 /* SmileFiles.app */,
				1A704175206C393500B00334 /* SmileFilesTests.xctest */,
				1A704180206C393500B00334 /* SmileFilesUITests.xctest */,
			);
			name = Products;
			sourceTree = "<group>";
		};
		1A704160206C393400B00334 /* SmileFiles */ = {
			isa = PBXGroup;
			children = (
				1A7041CC206C43B000B00334 /* CoreData */,
				1A6B56FC206C717000E3CB42 /* MathUtils.swift */,
				1A672DA0206C83F700FE1649 /* KeyValuePair.swift */,
				1A672DA2206C89CA00FE1649 /* UserDataAttribute.swift */,
				1A672DA4206C9B9700FE1649 /* ApplicationConstants.swift */,
				1ACB5DEA206D15580049788E /* DefaultUserDataAttributes.swift */,
				1A672D9E206C798700FE1649 /* User.swift */,
				1A704163206C393400B00334 /* ViewController.swift */,
				1AFE64B2206D424D00C9FD5B /* SafariViewController.swift */,
				1A6B56F9206C6CEF00E3CB42 /* P)oikio90;0oinmi9.swift */,
				1A704161206C393400B00334 /* AppDelegate.swift */,
				1A70416B206C393500B00334 /* Assets.xcassets */,
				1A704170206C393500B00334 /* Info.plist */,
				1A704165206C393400B00334 /* Main.storyboard */,
				1A70416D206C393500B00334 /* LaunchScreen.storyboard */,
				1A7041AF206C41E500B00334 /* SmileFiles.entitlements */,
				1A704168206C393400B00334 /* SmileFiles.xcdatamodeld */,
				1A9C26C5206D8FA7004265AD /* FilesTableViewController.swift */,
			);
			path = SmileFiles;
			sourceTree = "<group>";
		};
		1A704178206C393500B00334 /* )9 */ = {
			isa = PBXGroup;
			children = (
				1A704179206C393500B00334 /* SmileFilesTests.swift */,
				1A70417B206C393500B00334 /* Info.plist */,
			);
			path = ")9";
			sourceTree = "<group>";
		};
		1A704183206C393500B00334 /* SmileFilesUITests */ = {
			isa = PBXGroup;
			children = (
				1A704184206C393500B00334 /* SmileFilesUITests.swift */,
				1A704186206C393500B00334 /* Info.plist */,
			);
			path = SmileFilesUITests;
			sourceTree = "<group>";
		};
		1A7041CC206C43B000B00334 /* CoreData */ = {
			isa = PBXGroup;
			children = (
				1A6B56F5206C6C0E00E3CB42 /* SFModel+CoreDataClass.swift */,
				1A6B56F6206C6C0E00E3CB42 /* SFModel+CoreDataProperties.swift */,
				1A6B56E9206C5A5E00E3CB42 /* SFUser+CoreDataClass.swift */,
				1A6B56EA206C5A5F00E3CB42 /* SFUser+CoreDataProperties.swift */,
				1A6B56EB206C5A5F00E3CB42 /* SFPreferences+CoreDataClass.swift */,
				1A6B56EC206C5A5F00E3CB42 /* SFPreferences+CoreDataProperties.swift */,
				1A6B56ED206C5A5F00E3CB42 /* SFTheme+CoreDataClass.swift */,
				1A6B56EE206C5A5F00E3CB42 /* SFTheme+CoreDataProperties.swift */,
				1AC68011206C492400C23DC5 /* ManagedObjectContext.swift */,
			);
			name = CoreData;
			path = SmileFiles/CoreData;
			sourceTree = SOURCE_ROOT;
		};
		30E537445991B5BC710720FB /* Frameworks */ = {
			isa = PBXGroup;
			children = (
				1AFE64C0206D611600C9FD5B /* WebKit.framework */,
				1AFE64BE206D610800C9FD5B /* UserNotifications.framework */,
				1AFE64BC206D60FF00C9FD5B /* MediaPlayer.framework */,
				1AFE64BA206D60F600C9FD5B /* PhotosUI.framework */,
				1AFE64B8206D60F000C9FD5B /* Photos.framework */,
				1AFE64B6206D60E700C9FD5B /* AssetsLibrary.framework */,
				1AFE64B4206D60DE00C9FD5B /* AVKit.framework */,
				1AFE64B0206D41E800C9FD5B /* SafariServices.framework */,
				7C4E3EBBC5D415319013F5B6 /* Pods_SmileFiles.framework */,
				10AFA8935C47787DF8EFCDF7 /* Pods_SmileFilesTests.framework */,
				4F19BD13C3BB2971C45F7235 /* Pods_SmileFilesUITests.framework */,
			);
			name = Frameworks;
			sourceTree = "<group>";
		};
/* End PBXGroup section */

/* Begin PBXNativeTarget section */
		1A70415D206C393400B00334 /* SmileFiles */ = {
			isa = PBXNativeTarget;
			buildConfigurationList = 1A704189206C393500B00334 /* Build configuration list for PBXNativeTarget "SmileFiles" */;
			buildPhases = (
				7020DD63DB7B8E7CFEB475DA /* [CP] Check Pods Manifest.lock */,
				1A70415A206C393400B00334 /* Sources */,
				1A70415B206C393400B00334 /* Frameworks */,
				1A70415C206C393400B00334 /* Resources */,
				3F5B4D8022E3C766893E39A4 /* [CP] Embed Pods Frameworks */,
			);
			buildRules = (
			);
			dependencies = (
			);
			name = SmileFiles;
			productName = SmileFiles;
			productReference = 1A70415E206C393400B00334 /* SmileFiles.app */;
			productType = "com.apple.product-type.application";
		};
		1A704174206C393500B00334 /* SmileFilesTests */ = {
			isa = PBXNativeTarget;
			buildConfigurationList = 1A70418C206C393500B00334 /* Build configuration list for PBXNativeTarget "SmileFilesTests" */;
			buildPhases = (
				AFFE56475A4AD6AD5EC3ED89 /* [CP] Check Pods Manifest.lock */,
				1A704171206C393500B00334 /* Sources */,
				1A704172206C393500B00334 /* Frameworks */,
				1A704173206C393500B00334 /* Resources */,
			);
			buildRules = (
			);
			dependencies = (
				1A704177206C393500B00334 /* PBXTargetDependency */,
			);
			name = SmileFilesTests;
			productName = SmileFilesTests;
			productReference = 1A704175206C393500B00334 /* SmileFilesTests.xctest */;
			productType = "com.apple.product-type.bundle.unit-test";
		};
		1A70417F206C393500B00334 /* SmileFilesUITests */ = {
			isa = PBXNativeTarget;
			buildConfigurationList = 1A70418F206C393500B00334 /* Build configuration list for PBXNativeTarget "SmileFilesUITests" */;
			buildPhases = (
				A17400D26CCDBCF85D13C675 /* [CP] Check Pods Manifest.lock */,
				1A70417C206C393500B00334 /* Sources */,
				1A70417D206C393500B00334 /* Frameworks */,
				1A70417E206C393500B00334 /* Resources */,
			);
			buildRules = (
			);
			dependencies = (
				1A704182206C393500B00334 /* PBXTargetDependency */,
			);
			name = SmileFilesUITests;
			productName = SmileFilesUITests;
			productReference = 1A704180206C393500B00334 /* SmileFilesUITests.xctest */;
			productType = "com.apple.product-type.bundle.ui-testing";
		};
/* End PBXNativeTarget section */

/* Begin PBXProject section */
		1A704156206C393400B00334 /* Project object */ = {
			isa = PBXProject;
			attributes = {
				LastSwiftUpdateCheck = 0930;
				LastUpgradeCheck = 0930;
				ORGANIZATIONNAME = "Tyler hostager";
				TargetAttributes = {
					1A70415D206C393400B00334 = {
						CreatedOnToolsVersion = 9.3;
						LastSwiftMigration = 0930;
						SystemCapabilities = {
							com.apple.ApplicationGroups.iOS = {
								enabled = 1;
							};
							com.apple.BackgroundModes = {
								enabled = 1;
							};
							com.apple.DataProtection = {
								enabled = 1;
							};
							com.apple.Keychain = {
								enabled = 1;
							};
						};
					};
					1A704174206C393500B00334 = {
						CreatedOnToolsVersion = 9.3;
						TestTargetID = 1A70415D206C393400B00334;
					};
					1A70417F206C393500B00334 = {
						CreatedOnToolsVersion = 9.3;
						TestTargetID = 1A70415D206C393400B00334;
					};
				};
			};
			buildConfigurationList = 1A704159206C393400B00334 /* Build configuration list for PBXProject "SmileFiles" */;
			compatibilityVersion = "Xcode 9.3";
			developmentRegion = en;
			hasScannedForEncodings = 0;
			knownRegions = (
				en,
				Base,
			);
			mainGroup = 1A704155206C393400B00334;
			productRefGroup = 1A70415F206C393400B00334 /* Products */;
			projectDirPath = "";
			projectRoot = "";
			targets = (
				1A70415D206C393400B00334 /* SmileFiles */,
				1A704174206C393500B00334 /* SmileFilesTests */,
				1A70417F206C393500B00334 /* SmileFilesUITests */,
			);
		};
/* End PBXProject section */

/* Begin PBXResourcesBuildPhase section */
		1A70415C206C393400B00334 /* Resources */ = {
			isa = PBXResourcesBuildPhase;
			buildActionMask = 2147483647;
			files = (
				1A70416F206C393500B00334 /* LaunchScreen.storyboard in Resources */,
				1A70416C206C393500B00334 /* Assets.xcassets in Resources */,
				1A704167206C393400B00334 /* Main.storyboard in Resources */,
			);
			runOnlyForDeploymentPostprocessing = 0;
		};
		1A704173206C393500B00334 /* Resources */ = {
			isa = PBXResourcesBuildPhase;
			buildActionMask = 2147483647;
			files = (
			);
			runOnlyForDeploymentPostprocessing = 0;
		};
		1A70417E206C393500B00334 /* Resources */ = {
			isa = PBXResourcesBuildPhase;
			buildActionMask = 2147483647;
			files = (
			);
			runOnlyForDeploymentPostprocessing = 0;
		};
/* End PBXResourcesBuildPhase section */

/* Begin PBXShellScriptBuildPhase section */
		3F5B4D8022E3C766893E39A4 /* [CP] Embed Pods Frameworks */ = {
			isa = PBXShellScriptBuildPhase;
			buildActionMask = 2147483647;
			files = (
			);
			inputPaths = (
				"${SRCROOT}/Pods/Target Support Files/Pods-SmileFiles/Pods-SmileFiles-frameworks.sh",
				"${BUILT_PRODUCTS_DIR}/Alamofire/Alamofire.framework",
				"${BUILT_PRODUCTS_DIR}/DynamicBlurView/DynamicBlurView.framework",
				"${BUILT_PRODUCTS_DIR}/MMDrawerController/MMDrawerController.framework",
				"${BUILT_PRODUCTS_DIR}/SwiftyJSON/SwiftyJSON.framework",
				"${BUILT_PRODUCTS_DIR}/TableViewDragger/TableViewDragger.framework",
			);
			name = "[CP] Embed Pods Frameworks";
			outputPaths = (
				"${TARGET_BUILD_DIR}/${FRAMEWORKS_FOLDER_PATH}/Alamofire.framework",
				"${TARGET_BUILD_DIR}/${FRAMEWORKS_FOLDER_PATH}/DynamicBlurView.framework",
				"${TARGET_BUILD_DIR}/${FRAMEWORKS_FOLDER_PATH}/MMDrawerController.framework",
				"${TARGET_BUILD_DIR}/${FRAMEWORKS_FOLDER_PATH}/SwiftyJSON.framework",
				"${TARGET_BUILD_DIR}/${FRAMEWORKS_FOLDER_PATH}/TableViewDragger.framework",
			);
			runOnlyForDeploymentPostprocessing = 0;
			shellPath = /bin/sh;
			shellScript = "\"${SRCROOT}/Pods/Target Support Files/Pods-SmileFiles/Pods-SmileFiles-frameworks.sh\"\n";
			showEnvVarsInLog = 0;
		};
		7020DD63DB7B8E7CFEB475DA /* [CP] Check Pods Manifest.lock */ = {
			isa = PBXShellScriptBuildPhase;
			buildActionMask = 2147483647;
			files = (
			);
			inputPaths = (
				"${PODS_PODFILE_DIR_PATH}/Podfile.lock",
				"${PODS_ROOT}/Manifest.lock",
			);
			name = "[CP] Check Pods Manifest.lock";
			outputPaths = (
				"$(DERIVED_FILE_DIR)/Pods-SmileFiles-checkManifestLockResult.txt",
			);
			runOnlyForDeploymentPostprocessing = 0;
			shellPath = /bin/sh;
			shellScript = "diff \"${PODS_PODFILE_DIR_PATH}/Podfile.lock\" \"${PODS_ROOT}/Manifest.lock\" > /dev/null\nif [ $? != 0 ] ; then\n    # print error to STDERR\n    echo \"error: The sandbox is not in sync with the Podfile.lock. Run 'pod install' or update your CocoaPods installation.\" >&2\n    exit 1\nfi\n# This output is used by Xcode 'outputs' to avoid re-running this script phase.\necho \"SUCCESS\" > \"${SCRIPT_OUTPUT_FILE_0}\"\n";
			showEnvVarsInLog = 0;
		};
		A17400D26CCDBCF85D13C675 /* [CP] Check Pods Manifest.lock */ = {
			isa = PBXShellScriptBuildPhase;
			buildActionMask = 2147483647;
			files = (
			);
			inputPaths = (
				"${PODS_PODFILE_DIR_PATH}/Podfile.lock",
				"${PODS_ROOT}/Manifest.lock",
			);
			name = "[CP] Check Pods Manifest.lock";
			outputPaths = (
				"$(DERIVED_FILE_DIR)/Pods-SmileFilesUITests-checkManifestLockResult.txt",
			);
			runOnlyForDeploymentPostprocessing = 0;
			shellPath = /bin/sh;
			shellScript = "diff \"${PODS_PODFILE_DIR_PATH}/Podfile.lock\" \"${PODS_ROOT}/Manifest.lock\" > /dev/null\nif [ $? != 0 ] ; then\n    # print error to STDERR\n    echo \"error: The sandbox is not in sync with the Podfile.lock. Run 'pod install' or update your CocoaPods installation.\" >&2\n    exit 1\nfi\n# This output is used by Xcode 'outputs' to avoid re-running this script phase.\necho \"SUCCESS\" > \"${SCRIPT_OUTPUT_FILE_0}\"\n";
			showEnvVarsInLog = 0;
		};
		AFFE56475A4AD6AD5EC3ED89 /* [CP] Check Pods Manifest.lock */ = {
			isa = PBXShellScriptBuildPhase;
			buildActionMask = 2147483647;
			files = (
			);
			inputPaths = (
				"${PODS_PODFILE_DIR_PATH}/Podfile.lock",
				"${PODS_ROOT}/Manifest.lock",
			);
			name = "[CP] Check Pods Manifest.lock";
			outputPaths = (
				"$(DERIVED_FILE_DIR)/Pods-SmileFilesTests-checkManifestLockResult.txt",
			);
			runOnlyForDeploymentPostprocessing = 0;
			shellPath = /bin/sh;
			shellScript = "diff \"${PODS_PODFILE_DIR_PATH}/Podfile.lock\" \"${PODS_ROOT}/Manifest.lock\" > /dev/null\nif [ $? != 0 ] ; then\n    # print error to STDERR\n    echo \"error: The sandbox is not in sync with the Podfile.lock. Run 'pod install' or update your CocoaPods installation.\" >&2\n    exit 1\nfi\n# This output is used by Xcode 'outputs' to avoid re-running this script phase.\necho \"SUCCESS\" > \"${SCRIPT_OUTPUT_FILE_0}\"\n";
			showEnvVarsInLog = 0;
		};
/* End PBXShellScriptBuildPhase section */

/* Begin PBXSourcesBuildPhase section */
		1A70415A206C393400B00334 /* Sources */ = {
			isa = PBXSourcesBuildPhase;
			buildActionMask = 2147483647;
			files = (
				1A6B56F3206C5A5F00E3CB42 /* SFTheme+CoreDataClass.swift in Sources */,
				1A6B56EF206C5A5F00E3CB42 /* SFUser+CoreDataClass.swift in Sources */,
				1AFE64B3206D424D00C9FD5B /* SafariViewController.swift in Sources */,
				1A672DA5206C9B9700FE1649 /* ApplicationConstants.swift in Sources */,
				1A704164206C393400B00334 /* ViewController.swift in Sources */,
				1A704162206C393400B00334 /* AppDelegate.swift in Sources */,
				1A9C26C6206D8FA7004265AD /* FilesTableViewController.swift in Sources */,
				1A6B56F7206C6C0E00E3CB42 /* SFModel+CoreDataClass.swift in Sources */,
				1A6B56F4206C5A5F00E3CB42 /* SFTheme+CoreDataProperties.swift in Sources */,
				1AC68012206C492400C23DC5 /* ManagedObjectContext.swift in Sources */,
				1A6B56FD206C717000E3CB42 /* MathUtils.swift in Sources */,
				1A672D9F206C798700FE1649 /* User.swift in Sources */,
				1A6B56F1206C5A5F00E3CB42 /* SFPreferences+CoreDataClass.swift in Sources */,
				1A6B56F8206C6C0E00E3CB42 /* SFModel+CoreDataProperties.swift in Sources */,
				1A6B56FA206C6CEF00E3CB42 /* P)oikio90;0oinmi9.swift in Sources */,
				1A70416A206C393400B00334 /* SmileFiles.xcdatamodeld in Sources */,
				1A6B56F0206C5A5F00E3CB42 /* SFUser+CoreDataProperties.swift in Sources */,
				1A9C26C8206D91AB004265AD /* TableViewController.swift in Sources */,
				1A672DA3206C89CA00FE1649 /* UserDataAttribute.swift in Sources */,
				1A6B56F2206C5A5F00E3CB42 /* SFPreferences+CoreDataProperties.swift in Sources */,
				1ACB5DEB206D15580049788E /* DefaultUserDataAttributes.swift in Sources */,
				1A672DA1206C83F700FE1649 /* KeyValuePair.swift in Sources */,
			);
			runOnlyForDeploymentPostprocessing = 0;
		};
		1A704171206C393500B00334 /* Sources */ = {
			isa = PBXSourcesBuildPhase;
			buildActionMask = 2147483647;
			files = (
				1A70417A206C393500B00334 /* SmileFilesTests.swift in Sources */,
			);
			runOnlyForDeploymentPostprocessing = 0;
		};
		1A70417C206C393500B00334 /* Sources */ = {
			isa = PBXSourcesBuildPhase;
			buildActionMask = 2147483647;
			files = (
				1A704185206C393500B00334 /* SmileFilesUITests.swift in Sources */,
			);
			runOnlyForDeploymentPostprocessing = 0;
		};
/* End PBXSourcesBuildPhase section */

/* Begin PBXTargetDependency section */
		1A704177206C393500B00334 /* PBXTargetDependency */ = {
			isa = PBXTargetDependency;
			target = 1A70415D206C393400B00334 /* SmileFiles */;
			targetProxy = 1A704176206C393500B00334 /* PBXContainerItemProxy */;
		};
		1A704182206C393500B00334 /* PBXTargetDependency */ = {
			isa = PBXTargetDependency;
			target = 1A70415D206C393400B00334 /* SmileFiles */;
			targetProxy = 1A704181206C393500B00334 /* PBXContainerItemProxy */;
		};
/* End PBXTargetDependency section */

/* Begin PBXVariantGroup section */
		1A704165206C393400B00334 /* Main.storyboard */ = {
			isa = PBXVariantGroup;
			children = (
				1A704166206C393400B00334 /* Base */,
			);
			name = Main.storyboard;
			sourceTree = "<group>";
		};
		1A70416D206C393500B00334 /* LaunchScreen.storyboard */ = {
			isa = PBXVariantGroup;
			children = (
				1A70416E206C393500B00334 /* Base */,
			);
			name = LaunchScreen.storyboard;
			sourceTree = "<group>";
		};
/* End PBXVariantGroup section */

/* Begin XCBuildConfiguration section */
		1A704187206C393500B00334 /* Debug */ = {
			isa = XCBuildConfiguration;
			buildSettings = {
				ALWAYS_SEARCH_USER_PATHS = YES;
				CLANG_ALLOW_NON_MODULAR_INCLUDES_IN_FRAMEWORK_MODULES = YES;
				CLANG_ANALYZER_NONNULL = YES;
				CLANG_ANALYZER_NUMBER_OBJECT_CONVERSION = YES_AGGRESSIVE;
				CLANG_CXX_LANGUAGE_STANDARD = "gnu++14";
				CLANG_CXX_LIBRARY = "libc++";
				CLANG_ENABLE_MODULES = YES;
				CLANG_ENABLE_OBJC_ARC = YES;
				CLANG_ENABLE_OBJC_WEAK = YES;
				CLANG_WARN_BLOCK_CAPTURE_AUTORELEASING = YES;
				CLANG_WARN_BOOL_CONVERSION = YES;
				CLANG_WARN_COMMA = YES;
				CLANG_WARN_CONSTANT_CONVERSION = YES;
				CLANG_WARN_DEPRECATED_OBJC_IMPLEMENTATIONS = YES;
				CLANG_WARN_DIRECT_OBJC_ISA_USAGE = YES_ERROR;
				CLANG_WARN_DOCUMENTATION_COMMENTS = YES;
				CLANG_WARN_EMPTY_BODY = YES;
				CLANG_WARN_ENUM_CONVERSION = YES;
				CLANG_WARN_INFINITE_RECURSION = YES;
				CLANG_WARN_INT_CONVERSION = YES;
				CLANG_WARN_NON_LITERAL_NULL_CONVERSION = YES;
				CLANG_WARN_OBJC_IMPLICIT_RETAIN_SELF = YES;
				CLANG_WARN_OBJC_LITERAL_CONVERSION = YES;
				CLANG_WARN_OBJC_ROOT_CLASS = YES_ERROR;
				CLANG_WARN_RANGE_LOOP_ANALYSIS = YES;
				CLANG_WARN_STRICT_PROTOTYPES = YES;
				CLANG_WARN_SUSPICIOUS_MOVE = YES;
				CLANG_WARN_UNGUARDED_AVAILABILITY = YES_AGGRESSIVE;
				CLANG_WARN_UNREACHABLE_CODE = YES;
				CLANG_WARN__DUPLICATE_METHOD_MATCH = YES;
				CODE_SIGN_IDENTITY = "iPhone Developer";
				COPY_PHASE_STRIP = NO;
				DEBUG_INFORMATION_FORMAT = dwarf;
				ENABLE_STRICT_OBJC_MSGSEND = YES;
				ENABLE_TESTABILITY = YES;
				GCC_C_LANGUAGE_STANDARD = gnu11;
				GCC_DYNAMIC_NO_PIC = NO;
				GCC_NO_COMMON_BLOCKS = YES;
				GCC_OPTIMIZATION_LEVEL = 0;
				GCC_PREPROCESSOR_DEFINITIONS = (
					"DEBUG=1",
					"$(inherited)",
				);
				GCC_WARN_64_TO_32_BIT_CONVERSION = YES;
				GCC_WARN_ABOUT_RETURN_TYPE = YES_ERROR;
				GCC_WARN_UNDECLARED_SELECTOR = YES;
				GCC_WARN_UNINITIALIZED_AUTOS = YES_AGGRESSIVE;
				GCC_WARN_UNUSED_FUNCTION = YES;
				GCC_WARN_UNUSED_VARIABLE = YES;
				IPHONEOS_DEPLOYMENT_TARGET = 11.0;
				MTL_ENABLE_DEBUG_INFO = YES;
				ONLY_ACTIVE_ARCH = YES;
				SDKROOT = iphoneos;
				SWIFT_ACTIVE_COMPILATION_CONDITIONS = DEBUG;
				SWIFT_OPTIMIZATION_LEVEL = "-Onone";
			};
			name = Debug;
		};
		1A704188206C393500B00334 /* Release */ = {
			isa = XCBuildConfiguration;
			buildSettings = {
				ALWAYS_SEARCH_USER_PATHS = YES;
				CLANG_ALLOW_NON_MODULAR_INCLUDES_IN_FRAMEWORK_MODULES = YES;
				CLANG_ANALYZER_NONNULL = YES;
				CLANG_ANALYZER_NUMBER_OBJECT_CONVERSION = YES_AGGRESSIVE;
				CLANG_CXX_LANGUAGE_STANDARD = "gnu++14";
				CLANG_CXX_LIBRARY = "libc++";
				CLANG_ENABLE_MODULES = YES;
				CLANG_ENABLE_OBJC_ARC = YES;
				CLANG_ENABLE_OBJC_WEAK = YES;
				CLANG_WARN_BLOCK_CAPTURE_AUTORELEASING = YES;
				CLANG_WARN_BOOL_CONVERSION = YES;
				CLANG_WARN_COMMA = YES;
				CLANG_WARN_CONSTANT_CONVERSION = YES;
				CLANG_WARN_DEPRECATED_OBJC_IMPLEMENTATIONS = YES;
				CLANG_WARN_DIRECT_OBJC_ISA_USAGE = YES_ERROR;
				CLANG_WARN_DOCUMENTATION_COMMENTS = YES;
				CLANG_WARN_EMPTY_BODY = YES;
				CLANG_WARN_ENUM_CONVERSION = YES;
				CLANG_WARN_INFINITE_RECURSION = YES;
				CLANG_WARN_INT_CONVERSION = YES;
				CLANG_WARN_NON_LITERAL_NULL_CONVERSION = YES;
				CLANG_WARN_OBJC_IMPLICIT_RETAIN_SELF = YES;
				CLANG_WARN_OBJC_LITERAL_CONVERSION = YES;
				CLANG_WARN_OBJC_ROOT_CLASS = YES_ERROR;
				CLANG_WARN_RANGE_LOOP_ANALYSIS = YES;
				CLANG_WARN_STRICT_PROTOTYPES = YES;
				CLANG_WARN_SUSPICIOUS_MOVE = YES;
				CLANG_WARN_UNGUARDED_AVAILABILITY = YES_AGGRESSIVE;
				CLANG_WARN_UNREACHABLE_CODE = YES;
				CLANG_WARN__DUPLICATE_METHOD_MATCH = YES;
				CODE_SIGN_IDENTITY = "iPhone Developer";
				COPY_PHASE_STRIP = NO;
				DEBUG_INFORMATION_FORMAT = "dwarf-with-dsym";
				ENABLE_NS_ASSERTIONS = NO;
				ENABLE_STRICT_OBJC_MSGSEND = YES;
				GCC_C_LANGUAGE_STANDARD = gnu11;
				GCC_NO_COMMON_BLOCKS = YES;
				GCC_WARN_64_TO_32_BIT_CONVERSION = YES;
				GCC_WARN_ABOUT_RETURN_TYPE = YES_ERROR;
				GCC_WARN_UNDECLARED_SELECTOR = YES;
				GCC_WARN_UNINITIALIZED_AUTOS = YES_AGGRESSIVE;
				GCC_WARN_UNUSED_FUNCTION = YES;
				GCC_WARN_UNUSED_VARIABLE = YES;
				IPHONEOS_DEPLOYMENT_TARGET = 11.0;
				MTL_ENABLE_DEBUG_INFO = NO;
				SDKROOT = iphoneos;
				SWIFT_COMPILATION_MODE = wholemodule;
				SWIFT_OPTIMIZATION_LEVEL = "-O";
				VALIDATE_PRODUCT = YES;
			};
			name = Release;
		};
		1A70418A206C393500B00334 /* Debug */ = {
			isa = XCBuildConfiguration;
			baseConfigurationReference = 3E66B8C493C6739D6564C4F1 /* Pods-SmileFiles.debug.xcconfig */;
			buildSettings = {
				ASSETCATALOG_COMPILER_APPICON_NAME = AppIcon;
				CLANG_ALLOW_NON_MODULAR_INCLUDES_IN_FRAMEWORK_MODULES = YES;
				CLANG_ENABLE_MODULES = YES;
				CODE_SIGN_ENTITLEMENTS = SmileFiles/SmileFiles.entitlements;
				CODE_SIGN_STYLE = Automatic;
				DEVELOPMENT_TEAM = GZ6B7VNBWJ;
				INFOPLIST_FILE = SmileFiles/Info.plist;
				IPHONEOS_DEPLOYMENT_TARGET = 11.0;
				LD_RUNPATH_SEARCH_PATHS = (
					"$(inherited)",
					"@executable_path/Frameworks",
				);
				PRODUCT_BUNDLE_IDENTIFIER = com.tylero056.SmileFiles;
				PRODUCT_NAME = "$(TARGET_NAME)";
				SWIFT_OBJC_BRIDGING_HEADER = "SmileFiles-Bridging-Header.h";
				SWIFT_OPTIMIZATION_LEVEL = "-Onone";
				SWIFT_VERSION = 4.0;
				TARGETED_DEVICE_FAMILY = "1,2";
			};
			name = Debug;
		};
		1A70418B206C393500B00334 /* Release */ = {
			isa = XCBuildConfiguration;
			baseConfigurationReference = 13F64854B846052B4663A444 /* Pods-SmileFiles.release.xcconfig */;
			buildSettings = {
				ASSETCATALOG_COMPILER_APPICON_NAME = AppIcon;
				CLANG_ALLOW_NON_MODULAR_INCLUDES_IN_FRAMEWORK_MODULES = YES;
				CLANG_ENABLE_MODULES = YES;
				CODE_SIGN_ENTITLEMENTS = SmileFiles/SmileFiles.entitlements;
				CODE_SIGN_STYLE = Automatic;
				DEVELOPMENT_TEAM = GZ6B7VNBWJ;
				INFOPLIST_FILE = SmileFiles/Info.plist;
				IPHONEOS_DEPLOYMENT_TARGET = 11.0;
				LD_RUNPATH_SEARCH_PATHS = (
					"$(inherited)",
					"@executable_path/Frameworks",
				);
				PRODUCT_BUNDLE_IDENTIFIER = com.tylero056.SmileFiles;
				PRODUCT_NAME = "$(TARGET_NAME)";
				SWIFT_OBJC_BRIDGING_HEADER = "SmileFiles-Bridging-Header.h";
				SWIFT_VERSION = 4.0;
				TARGETED_DEVICE_FAMILY = "1,2";
			};
			name = Release;
		};
		1A70418D206C393500B00334 /* Debug */ = {
			isa = XCBuildConfiguration;
			baseConfigurationReference = 1E43B8E7F24B196D229C9BB1 /* Pods-SmileFilesTests.debug.xcconfig */;
			buildSettings = {
				ALWAYS_EMBED_SWIFT_STANDARD_LIBRARIES = YES;
				BUNDLE_LOADER = "$(TEST_HOST)";
				CODE_SIGN_STYLE = Automatic;
				DEVELOPMENT_TEAM = GZ6B7VNBWJ;
				INFOPLIST_FILE = SmileFilesTests/Info.plist;
				LD_RUNPATH_SEARCH_PATHS = (
					"$(inherited)",
					"@executable_path/Frameworks",
					"@loader_path/Frameworks",
				);
				PRODUCT_BUNDLE_IDENTIFIER = com.tylero056.SmileFilesTests;
				PRODUCT_NAME = "$(TARGET_NAME)";
				SWIFT_VERSION = 4.0;
				TARGETED_DEVICE_FAMILY = "1,2";
				TEST_HOST = "$(BUILT_PRODUCTS_DIR)/SmileFiles.app/SmileFiles";
			};
			name = Debug;
		};
		1A70418E206C393500B00334 /* Release */ = {
			isa = XCBuildConfiguration;
			baseConfigurationReference = DC1E4A6FDD77A0781D7A712B /* Pods-SmileFilesTests.release.xcconfig */;
			buildSettings = {
				ALWAYS_EMBED_SWIFT_STANDARD_LIBRARIES = YES;
				BUNDLE_LOADER = "$(TEST_HOST)";
				CODE_SIGN_STYLE = Automatic;
				DEVELOPMENT_TEAM = GZ6B7VNBWJ;
				INFOPLIST_FILE = SmileFilesTests/Info.plist;
				LD_RUNPATH_SEARCH_PATHS = (
					"$(inherited)",
					"@executable_path/Frameworks",
					"@loader_path/Frameworks",
				);
				PRODUCT_BUNDLE_IDENTIFIER = com.tylero056.SmileFilesTests;
				PRODUCT_NAME = "$(TARGET_NAME)";
				SWIFT_VERSION = 4.0;
				TARGETED_DEVICE_FAMILY = "1,2";
				TEST_HOST = "$(BUILT_PRODUCTS_DIR)/SmileFiles.app/SmileFiles";
			};
			name = Release;
		};
		1A704190206C393500B00334 /* Debug */ = {
			isa = XCBuildConfiguration;
			baseConfigurationReference = B52B1A09EE54C47B609DEF6C /* Pods-SmileFilesUITests.debug.xcconfig */;
			buildSettings = {
				ALWAYS_EMBED_SWIFT_STANDARD_LIBRARIES = YES;
				CODE_SIGN_STYLE = Automatic;
				DEVELOPMENT_TEAM = GZ6B7VNBWJ;
				INFOPLIST_FILE = SmileFilesUITests/Info.plist;
				LD_RUNPATH_SEARCH_PATHS = (
					"$(inherited)",
					"@executable_path/Frameworks",
					"@loader_path/Frameworks",
				);
				PRODUCT_BUNDLE_IDENTIFIER = com.tylero056.SmileFilesUITests;
				PRODUCT_NAME = "$(TARGET_NAME)";
				SWIFT_VERSION = 4.0;
				TARGETED_DEVICE_FAMILY = "1,2";
				TEST_TARGET_NAME = SmileFiles;
			};
			name = Debug;
		};
		1A704191206C393500B00334 /* Release */ = {
			isa = XCBuildConfiguration;
			baseConfigurationReference = C9C7CAAEE896C582F2FD270E /* Pods-SmileFilesUITests.release.xcconfig */;
			buildSettings = {
				ALWAYS_EMBED_SWIFT_STANDARD_LIBRARIES = YES;
				CODE_SIGN_STYLE = Automatic;
				DEVELOPMENT_TEAM = GZ6B7VNBWJ;
				INFOPLIST_FILE = SmileFilesUITests/Info.plist;
				LD_RUNPATH_SEARCH_PATHS = (
					"$(inherited)",
					"@executable_path/Frameworks",
					"@loader_path/Frameworks",
				);
				PRODUCT_BUNDLE_IDENTIFIER = com.tylero056.SmileFilesUITests;
				PRODUCT_NAME = "$(TARGET_NAME)";
				SWIFT_VERSION = 4.0;
				TARGETED_DEVICE_FAMILY = "1,2";
				TEST_TARGET_NAME = SmileFiles;
			};
			name = Release;
		};
/* End XCBuildConfiguration section */

/* Begin XCConfigurationList section */
		1A704159206C393400B00334 /* Build configuration list for PBXProject "SmileFiles" */ = {
			isa = XCConfigurationList;
			buildConfigurations = (
				1A704187206C393500B00334 /* Debug */,
				1A704188206C393500B00334 /* Release */,
			);
			defaultConfigurationIsVisible = 0;
			defaultConfigurationName = Release;
		};
		1A704189206C393500B00334 /* Build configuration list for PBXNativeTarget "SmileFiles" */ = {
			isa = XCConfigurationList;
			buildConfigurations = (
				1A70418A206C393500B00334 /* Debug */,
				1A70418B206C393500B00334 /* Release */,
			);
			defaultConfigurationIsVisible = 0;
			defaultConfigurationName = Release;
		};
		1A70418C206C393500B00334 /* Build configuration list for PBXNativeTarget "SmileFilesTests" */ = {
			isa = XCConfigurationList;
			buildConfigurations = (
				1A70418D206C393500B00334 /* Debug */,
				1A70418E206C393500B00334 /* Release */,
			);
			defaultConfigurationIsVisible = 0;
			defaultConfigurationName = Release;
		};
		1A70418F206C393500B00334 /* Build configuration list for PBXNativeTarget "SmileFilesUITests" */ = {
			isa = XCConfigurationList;
			buildConfigurations = (
				1A704190206C393500B00334 /* Debug */,
				1A704191206C393500B00334 /* Release */,
			);
			defaultConfigurationIsVisible = 0;
			defaultConfigurationName = Release;
		};
/* End XCConfigurationList section */

/* Begin XCVersionGroup section */
		1A704168206C393400B00334 /* SmileFiles.xcdatamodeld */ = {
			isa = XCVersionGroup;
			children = (
				1A704169206C393400B00334 /* SmileFiles.xcdatamodel */,
			);
			currentVersion = 1A704169206C393400B00334 /* SmileFiles.xcdatamodel */;
			path = SmileFiles.xcdatamodeld;
			sourceTree = "<group>";
			versionGroupType = wrapper.xcdatamodel;
		};
/* End XCVersionGroup section */
	};
	rootObject = 1A704156206C393400B00334 /* Project object */;
}
